
Microsoft Visual Studio Solution File, Format Version 12.00
# Visual Studio Version 17
VisualStudioVersion = 17.2.32602.215
MinimumVisualStudioVersion = 10.0.40219.1
Project("{FAE04EC0-301F-11D3-BF4B-00C04F79EFBC}") = "FACL_Locker_Room_ API", "FACL Locker Room API\FACL_Locker_Room_ API.csproj", "{DD87ED9A-4944-4393-BFC4-19187B4C13F5}"
EndProject
Project("{FAE04EC0-301F-11D3-BF4B-00C04F79EFBC}") = "FACL_Locker_Room_API.Domain", "FACL_Locker_Room_API.Domain\FACL_Locker_Room_API.Domain.csproj", "{D3D9ECEC-9164-4FCD-B74B-1AF190237C38}"
EndProject
Project("{FAE04EC0-301F-11D3-BF4B-00C04F79EFBC}") = "FACL_Locker_Room_API.Core", "FACL_Locker_Room_API.Core\FACL_Locker_Room_API.Core.csproj", "{FEBA67C3-F4A1-4D9D-A825-AB6A15DAEF18}"
EndProject
Project("{FAE04EC0-301F-11D3-BF4B-00C04F79EFBC}") = "FACL_Locker_Room_API.Infrastructure", "FACL_Locker_Room_API.Infrastructure\FACL_Locker_Room_API.Infrastructure.csproj", "{2E30C758-524D-432F-8393-13955C4762A6}"
EndProject
Global
	GlobalSection(SolutionConfigurationPlatforms) = preSolution
		Debug|Any CPU = Debug|Any CPU
		Release|Any CPU = Release|Any CPU
	EndGlobalSection
	GlobalSection(ProjectConfigurationPlatforms) = postSolution
		{DD87ED9A-4944-4393-BFC4-19187B4C13F5}.Debug|Any CPU.ActiveCfg = Debug|Any CPU
		{DD87ED9A-4944-4393-BFC4-19187B4C13F5}.Debug|Any CPU.Build.0 = Debug|Any CPU
		{DD87ED9A-4944-4393-BFC4-19187B4C13F5}.Release|Any CPU.ActiveCfg = Release|Any CPU
		{DD87ED9A-4944-4393-BFC4-19187B4C13F5}.Release|Any CPU.Build.0 = Release|Any CPU
		{D3D9ECEC-9164-4FCD-B74B-1AF190237C38}.Debug|Any CPU.ActiveCfg = Debug|Any CPU
		{D3D9ECEC-9164-4FCD-B74B-1AF190237C38}.Debug|Any CPU.Build.0 = Debug|Any CPU
		{D3D9ECEC-9164-4FCD-B74B-1AF190237C38}.Release|Any CPU.ActiveCfg = Release|Any CPU
		{D3D9ECEC-9164-4FCD-B74B-1AF190237C38}.Release|Any CPU.Build.0 = Release|Any CPU
		{FEBA67C3-F4A1-4D9D-A825-AB6A15DAEF18}.Debug|Any CPU.ActiveCfg = Debug|Any CPU
		{FEBA67C3-F4A1-4D9D-A825-AB6A15DAEF18}.Debug|Any CPU.Build.0 = Debug|Any CPU
		{FEBA67C3-F4A1-4D9D-A825-AB6A15DAEF18}.Release|Any CPU.ActiveCfg = Release|Any CPU
		{FEBA67C3-F4A1-4D9D-A825-AB6A15DAEF18}.Release|Any CPU.Build.0 = Release|Any CPU
		{2E30C758-524D-432F-8393-13955C4762A6}.Debug|Any CPU.ActiveCfg = Debug|Any CPU
		{2E30C758-524D-432F-8393-13955C4762A6}.Debug|Any CPU.Build.0 = Debug|Any CPU
		{2E30C758-524D-432F-8393-13955C4762A6}.Release|Any CPU.ActiveCfg = Release|Any CPU
		{2E30C758-524D-432F-8393-13955C4762A6}.Release|Any CPU.Build.0 = Release|Any CPU
	EndGlobalSection
	GlobalSection(SolutionProperties) = preSolution
		HideSolutionNode = FALSE
	EndGlobalSection
	GlobalSection(ExtensibilityGlobals) = postSolution
		SolutionGuid = {EE39820E-0F7A-445A-9699-B3C41EB12E85}
	EndGlobalSection
EndGlobal
